Microsoft Visual Studio Solution File, Format Version 12.00
# Visual Studio Version 17
VisualStudioVersion = 17.13.35617.110
MinimumVisualStudioVersion = 10.0.40219.1
Project("{FAE04EC0-301F-11D3-BF4B-00C04F79EFBC}") = "SMBLibrary.Client.Extension.FluentConnect", "SMBLibrary.Client.Extension.FluentConnect\SMBLibrary.Client.Extension.FluentConnect.csproj", "{3821FC53-D8FC-45ED-9159-BDAD04319395}"
EndProject
Project("{FAE04EC0-301F-11D3-BF4B-00C04F79EFBC}") = "SMBLibrary.Client.Extension.FluentConnect.Playground", "SMBLibrary.Client.Extension.FluentConnect.Playground\SMBLibrary.Client.Extension.FluentConnect.Playground.csproj", "{27D91EC4-DC98-40B3-AABC-484A097A2A42}"
EndProject
Project("{FAE04EC0-301F-11D3-BF4B-00C04F79EFBC}") = "SMBLibrary.Client.Extension.AsyncImpl", "SMBLibrary.Client.Extension.AsyncImpl\SMBLibrary.Client.Extension.AsyncImpl.csproj", "{421A824E-1F1E-45C9-EBAA-26FDA50E7DB3}"
EndProject
Project("{FAE04EC0-301F-11D3-BF4B-00C04F79EFBC}") = "SMBLibrary.Client.Extension.AsyncImpl.FluentConnect", "SMBLibrary.Client.Extension.AsyncImpl.FluentConnect\SMBLibrary.Client.Extension.AsyncImpl.FluentConnect.csproj", "{AF6EB55D-6911-BC79-A70A-FE128FF7B262}"
EndProject
Project("{FAE04EC0-301F-11D3-BF4B-00C04F79EFBC}") = "SMBLibrary.Client.Extension.AsyncImpl.FluentConnect.Playground", "SMBLibrary.Client.Extension.AsyncImpl.FluentConnect.Playground\SMBLibrary.Client.Extension.AsyncImpl.FluentConnect.Playground.csproj", "{DE1BD050-3A9C-DFC7-8ABD-C1B8A687C8AB}"
EndProject
Global
	GlobalSection(SolutionConfigurationPlatforms) = preSolution
		Debug|Any CPU = Debug|Any CPU
		Release|Any CPU = Release|Any CPU
	EndGlobalSection
	GlobalSection(ProjectConfigurationPlatforms) = postSolution
		{3821FC53-D8FC-45ED-9159-BDAD04319395}.Debug|Any CPU.ActiveCfg = Debug|Any CPU
		{3821FC53-D8FC-45ED-9159-BDAD04319395}.Debug|Any CPU.Build.0 = Debug|Any CPU
		{3821FC53-D8FC-45ED-9159-BDAD04319395}.Release|Any CPU.ActiveCfg = Release|Any CPU
		{3821FC53-D8FC-45ED-9159-BDAD04319395}.Release|Any CPU.Build.0 = Release|Any CPU
		{27D91EC4-DC98-40B3-AABC-484A097A2A42}.Debug|Any CPU.ActiveCfg = Debug|Any CPU
		{27D91EC4-DC98-40B3-AABC-484A097A2A42}.Debug|Any CPU.Build.0 = Debug|Any CPU
		{27D91EC4-DC98-40B3-AABC-484A097A2A42}.Release|Any CPU.ActiveCfg = Release|Any CPU
		{27D91EC4-DC98-40B3-AABC-484A097A2A42}.Release|Any CPU.Build.0 = Release|Any CPU
		{421A824E-1F1E-45C9-EBAA-26FDA50E7DB3}.Debug|Any CPU.ActiveCfg = Debug|Any CPU
		{421A824E-1F1E-45C9-EBAA-26FDA50E7DB3}.Debug|Any CPU.Build.0 = Debug|Any CPU
		{421A824E-1F1E-45C9-EBAA-26FDA50E7DB3}.Release|Any CPU.ActiveCfg = Release|Any CPU
		{421A824E-1F1E-45C9-EBAA-26FDA50E7DB3}.Release|Any CPU.Build.0 = Release|Any CPU
		{AF6EB55D-6911-BC79-A70A-FE128FF7B262}.Debug|Any CPU.ActiveCfg = Debug|Any CPU
		{AF6EB55D-6911-BC79-A70A-FE128FF7B262}.Debug|Any CPU.Build.0 = Debug|Any CPU
		{AF6EB55D-6911-BC79-A70A-FE128FF7B262}.Release|Any CPU.ActiveCfg = Release|Any CPU
		{AF6EB55D-6911-BC79-A70A-FE128FF7B262}.Release|Any CPU.Build.0 = Release|Any CPU
		{DE1BD050-3A9C-DFC7-8ABD-C1B8A687C8AB}.Debug|Any CPU.ActiveCfg = Debug|Any CPU
		{DE1BD050-3A9C-DFC7-8ABD-C1B8A687C8AB}.Debug|Any CPU.Build.0 = Debug|Any CPU
		{DE1BD050-3A9C-DFC7-8ABD-C1B8A687C8AB}.Release|Any CPU.ActiveCfg = Release|Any CPU
		{DE1BD050-3A9C-DFC7-8ABD-C1B8A687C8AB}.Release|Any CPU.Build.0 = Release|Any CPU
	EndGlobalSection
	GlobalSection(SolutionProperties) = preSolution
		HideSolutionNode = FALSE
	EndGlobalSection
	GlobalSection(ExtensibilityGlobals) = postSolution
		SolutionGuid = {2AB1430D-FADA-40F7-BE88-390B164C6EDD}
	EndGlobalSection
EndGlobal
